
Microsoft Visual Studio Solution File, Format Version 12.00
# Visual Studio Version 17
VisualStudioVersion = 17.6.33829.357
MinimumVisualStudioVersion = 10.0.40219.1
Project("{FAE04EC0-301F-11D3-BF4B-00C04F79EFBC}") = "IT Roadmap.API", "IT Roadmap.API\IT Roadmap.API.csproj", "{2B72DC31-1FFE-4B60-A7C3-645822D23C09}"
EndProject
Project("{FAE04EC0-301F-11D3-BF4B-00C04F79EFBC}") = "IT Roadmap.Core", "IT Roadmap.Core\IT Roadmap.Core.csproj", "{48E6A66E-4C2C-4D3C-92A1-605A58AE9A8B}"
EndProject
Project("{FAE04EC0-301F-11D3-BF4B-00C04F79EFBC}") = "IT Roadmap.Infra", "IT Roadmap.Infra\IT Roadmap.Infra.csproj", "{79EBD620-25B1-4111-881D-285B9DBFFCE9}"
EndProject
Global
	GlobalSection(SolutionConfigurationPlatforms) = preSolution
		Debug|Any CPU = Debug|Any CPU
		Release|Any CPU = Release|Any CPU
	EndGlobalSection
	GlobalSection(ProjectConfigurationPlatforms) = postSolution
		{2B72DC31-1FFE-4B60-A7C3-645822D23C09}.Debug|Any CPU.ActiveCfg = Debug|Any CPU
		{2B72DC31-1FFE-4B60-A7C3-645822D23C09}.Debug|Any CPU.Build.0 = Debug|Any CPU
		{2B72DC31-1FFE-4B60-A7C3-645822D23C09}.Release|Any CPU.ActiveCfg = Release|Any CPU
		{2B72DC31-1FFE-4B60-A7C3-645822D23C09}.Release|Any CPU.Build.0 = Release|Any CPU
		{48E6A66E-4C2C-4D3C-92A1-605A58AE9A8B}.Debug|Any CPU.ActiveCfg = Debug|Any CPU
		{48E6A66E-4C2C-4D3C-92A1-605A58AE9A8B}.Debug|Any CPU.Build.0 = Debug|Any CPU
		{48E6A66E-4C2C-4D3C-92A1-605A58AE9A8B}.Release|Any CPU.ActiveCfg = Release|Any CPU
		{48E6A66E-4C2C-4D3C-92A1-605A58AE9A8B}.Release|Any CPU.Build.0 = Release|Any CPU
		{79EBD620-25B1-4111-881D-285B9DBFFCE9}.Debug|Any CPU.ActiveCfg = Debug|Any CPU
		{79EBD620-25B1-4111-881D-285B9DBFFCE9}.Debug|Any CPU.Build.0 = Debug|Any CPU
		{79EBD620-25B1-4111-881D-285B9DBFFCE9}.Release|Any CPU.ActiveCfg = Release|Any CPU
		{79EBD620-25B1-4111-881D-285B9DBFFCE9}.Release|Any CPU.Build.0 = Release|Any CPU
	EndGlobalSection
	GlobalSection(SolutionProperties) = preSolution
		HideSolutionNode = FALSE
	EndGlobalSection
	GlobalSection(ExtensibilityGlobals) = postSolution
		SolutionGuid = {D097D688-31D3-47DD-840F-59C4C2CBB389}
	EndGlobalSection
EndGlobal
